
Microsoft Visual Studio Solution File, Format Version 12.00
# Visual Studio Version 17
VisualStudioVersion = 17.12.35209.166
MinimumVisualStudioVersion = 10.0.40219.1
Project("{FAE04EC0-301F-11D3-BF4B-00C04F79EFBC}") = "Fusion", "Fusion\Fusion.csproj", "{F058BBEA-49AA-4781-ABF3-CEC1F041EEC0}"
EndProject
Project("{FAE04EC0-301F-11D3-BF4B-00C04F79EFBC}") = "Fusion.Tests", "Fusion.Tests\Fusion.Tests.csproj", "{FDB4A19F-E391-46F6-B081-93177BC2B4FD}"
EndProject
Project("{FAE04EC0-301F-11D3-BF4B-00C04F79EFBC}") = "Fusion.Tests.Demo", "Fusion.Tests.Demo\Fusion.Tests.Demo.csproj", "{251B4D71-CA09-494D-8486-8773F02AA2AD}"
EndProject
Project("{2150E333-8FDC-42A3-9474-1A3956D46DE8}") = "Tests", "Tests", "{AA48F3FB-7600-4C48-A034-5FDA24EC6A70}"
EndProject
Global
	GlobalSection(SolutionConfigurationPlatforms) = preSolution
		Debug|Any CPU = Debug|Any CPU
		Release|Any CPU = Release|Any CPU
	EndGlobalSection
	GlobalSection(ProjectConfigurationPlatforms) = postSolution
		{F058BBEA-49AA-4781-ABF3-CEC1F041EEC0}.Debug|Any CPU.ActiveCfg = Debug|Any CPU
		{F058BBEA-49AA-4781-ABF3-CEC1F041EEC0}.Debug|Any CPU.Build.0 = Debug|Any CPU
		{F058BBEA-49AA-4781-ABF3-CEC1F041EEC0}.Release|Any CPU.ActiveCfg = Release|Any CPU
		{F058BBEA-49AA-4781-ABF3-CEC1F041EEC0}.Release|Any CPU.Build.0 = Release|Any CPU
		{FDB4A19F-E391-46F6-B081-93177BC2B4FD}.Debug|Any CPU.ActiveCfg = Debug|Any CPU
		{FDB4A19F-E391-46F6-B081-93177BC2B4FD}.Debug|Any CPU.Build.0 = Debug|Any CPU
		{FDB4A19F-E391-46F6-B081-93177BC2B4FD}.Release|Any CPU.ActiveCfg = Release|Any CPU
		{FDB4A19F-E391-46F6-B081-93177BC2B4FD}.Release|Any CPU.Build.0 = Release|Any CPU
		{251B4D71-CA09-494D-8486-8773F02AA2AD}.Debug|Any CPU.ActiveCfg = Debug|Any CPU
		{251B4D71-CA09-494D-8486-8773F02AA2AD}.Debug|Any CPU.Build.0 = Debug|Any CPU
		{251B4D71-CA09-494D-8486-8773F02AA2AD}.Release|Any CPU.ActiveCfg = Release|Any CPU
		{251B4D71-CA09-494D-8486-8773F02AA2AD}.Release|Any CPU.Build.0 = Release|Any CPU
	EndGlobalSection
	GlobalSection(SolutionProperties) = preSolution
		HideSolutionNode = FALSE
	EndGlobalSection
	GlobalSection(NestedProjects) = preSolution
		{FDB4A19F-E391-46F6-B081-93177BC2B4FD} = {AA48F3FB-7600-4C48-A034-5FDA24EC6A70}
		{251B4D71-CA09-494D-8486-8773F02AA2AD} = {AA48F3FB-7600-4C48-A034-5FDA24EC6A70}
	EndGlobalSection
	GlobalSection(ExtensibilityGlobals) = postSolution
		SolutionGuid = {BA407799-F2E3-497D-987C-CABCB1B77FE3}
	EndGlobalSection
EndGlobal
